
Microsoft Visual Studio Solution File, Format Version 12.00
# Visual Studio Version 17
VisualStudioVersion = 17.5.002.0
MinimumVisualStudioVersion = 10.0.40219.1
Project("{9A19103F-16F7-4668-BE54-9A1E7A4F7556}") = "All For One Challenge", "All For One Challenge.csproj", "{82CB73A9-FFCE-41C3-AB61-F110CCB478EE}"
EndProject
Global
	GlobalSection(SolutionConfigurationPlatforms) = preSolution
		Debug|Any CPU = Debug|Any CPU
		Release|Any CPU = Release|Any CPU
	EndGlobalSection
	GlobalSection(ProjectConfigurationPlatforms) = postSolution
		{82CB73A9-FFCE-41C3-AB61-F110CCB478EE}.Debug|Any CPU.ActiveCfg = Debug|Any CPU
		{82CB73A9-FFCE-41C3-AB61-F110CCB478EE}.Debug|Any CPU.Build.0 = Debug|Any CPU
		{82CB73A9-FFCE-41C3-AB61-F110CCB478EE}.Release|Any CPU.ActiveCfg = Release|Any CPU
		{82CB73A9-FFCE-41C3-AB61-F110CCB478EE}.Release|Any CPU.Build.0 = Release|Any CPU
	EndGlobalSection
	GlobalSection(SolutionProperties) = preSolution
		HideSolutionNode = FALSE
	EndGlobalSection
	GlobalSection(ExtensibilityGlobals) = postSolution
		SolutionGuid = {48EEB1F5-6FB2-4C7C-AC42-C24588A97D2B}
	EndGlobalSection
EndGlobal
